
Microsoft Visual Studio Solution File, Format Version 12.00
# Visual Studio 15
VisualStudioVersion = 15.0.28010.2036
MinimumVisualStudioVersion = 10.0.40219.1
Project("{FAE04EC0-301F-11D3-BF4B-00C04F79EFBC}") = "ServicoDeEsterelizacao", "ServicoDeEsterelizacao\ServicoDeEsterelizacao.csproj", "{F032CB42-D849-421F-A410-AC8A8B890464}"
EndProject
Global
	GlobalSection(SolutionConfigurationPlatforms) = preSolution
		Debug|Any CPU = Debug|Any CPU
		Release|Any CPU = Release|Any CPU
	EndGlobalSection
	GlobalSection(ProjectConfigurationPlatforms) = postSolution
		{F032CB42-D849-421F-A410-AC8A8B890464}.Debug|Any CPU.ActiveCfg = Debug|Any CPU
		{F032CB42-D849-421F-A410-AC8A8B890464}.Debug|Any CPU.Build.0 = Debug|Any CPU
		{F032CB42-D849-421F-A410-AC8A8B890464}.Release|Any CPU.ActiveCfg = Release|Any CPU
		{F032CB42-D849-421F-A410-AC8A8B890464}.Release|Any CPU.Build.0 = Release|Any CPU
	EndGlobalSection
	GlobalSection(SolutionProperties) = preSolution
		HideSolutionNode = FALSE
	EndGlobalSection
	GlobalSection(ExtensibilityGlobals) = postSolution
		SolutionGuid = {5E844D80-54F8-40BA-868A-1A000F141A52}
	EndGlobalSection
EndGlobal
